
Microsoft Visual Studio Solution File, Format Version 12.00
# Visual Studio Version 16
VisualStudioVersion = 16.0.30804.86
MinimumVisualStudioVersion = 10.0.40219.1
Project("{FAE04EC0-301F-11D3-BF4B-00C04F79EFBC}") = "WinFormMVP", "WinFormMVP\WinFormMVP.csproj", "{091447C2-DB4D-4B74-8753-30A89B380968}"
EndProject
Project("{FAE04EC0-301F-11D3-BF4B-00C04F79EFBC}") = "WinFormMVC", "WinFormMVC\WinFormMVC.csproj", "{630EC4C4-BDEB-4FB7-A373-003A218FF5FE}"
EndProject
Global
	GlobalSection(SolutionConfigurationPlatforms) = preSolution
		Debug|Any CPU = Debug|Any CPU
		Release|Any CPU = Release|Any CPU
	EndGlobalSection
	GlobalSection(ProjectConfigurationPlatforms) = postSolution
		{091447C2-DB4D-4B74-8753-30A89B380968}.Debug|Any CPU.ActiveCfg = Debug|Any CPU
		{091447C2-DB4D-4B74-8753-30A89B380968}.Debug|Any CPU.Build.0 = Debug|Any CPU
		{091447C2-DB4D-4B74-8753-30A89B380968}.Release|Any CPU.ActiveCfg = Release|Any CPU
		{091447C2-DB4D-4B74-8753-30A89B380968}.Release|Any CPU.Build.0 = Release|Any CPU
		{630EC4C4-BDEB-4FB7-A373-003A218FF5FE}.Debug|Any CPU.ActiveCfg = Debug|Any CPU
		{630EC4C4-BDEB-4FB7-A373-003A218FF5FE}.Debug|Any CPU.Build.0 = Debug|Any CPU
		{630EC4C4-BDEB-4FB7-A373-003A218FF5FE}.Release|Any CPU.ActiveCfg = Release|Any CPU
		{630EC4C4-BDEB-4FB7-A373-003A218FF5FE}.Release|Any CPU.Build.0 = Release|Any CPU
	EndGlobalSection
	GlobalSection(SolutionProperties) = preSolution
		HideSolutionNode = FALSE
	EndGlobalSection
	GlobalSection(ExtensibilityGlobals) = postSolution
		SolutionGuid = {17124EA8-62A4-4713-830D-604AA4DFF0E1}
	EndGlobalSection
EndGlobal
